
Microsoft Visual Studio Solution File, Format Version 12.00
# Visual Studio Version 17
VisualStudioVersion = 17.5.002.0
MinimumVisualStudioVersion = 10.0.40219.1
Project("{9A19103F-16F7-4668-BE54-9A1E7A4F7556}") = "task_02", "task_02.csproj", "{06A4E094-2701-456B-BAD2-30DF0DF102D3}"
EndProject
Global
	GlobalSection(SolutionConfigurationPlatforms) = preSolution
		Debug|Any CPU = Debug|Any CPU
		Release|Any CPU = Release|Any CPU
	EndGlobalSection
	GlobalSection(ProjectConfigurationPlatforms) = postSolution
		{06A4E094-2701-456B-BAD2-30DF0DF102D3}.Debug|Any CPU.ActiveCfg = Debug|Any CPU
		{06A4E094-2701-456B-BAD2-30DF0DF102D3}.Debug|Any CPU.Build.0 = Debug|Any CPU
		{06A4E094-2701-456B-BAD2-30DF0DF102D3}.Release|Any CPU.ActiveCfg = Release|Any CPU
		{06A4E094-2701-456B-BAD2-30DF0DF102D3}.Release|Any CPU.Build.0 = Release|Any CPU
	EndGlobalSection
	GlobalSection(SolutionProperties) = preSolution
		HideSolutionNode = FALSE
	EndGlobalSection
	GlobalSection(ExtensibilityGlobals) = postSolution
		SolutionGuid = {C9C38671-8C47-4647-A699-D01F1367D9F6}
	EndGlobalSection
EndGlobal
